<?xml version="1.0" encoding="UTF-8" standalone="yes" ?>
<CodeBlocks_project_file>
	<FileVersion major="1" minor="6" />
	<Project>
		<Option title="AttendanceSystem" />
		<Option pch_mode="2" />
		<Option compiler="gcc" />
		<Build>
			<Target title="Debug">
				<Option output="bin/Debug/AttendanceSystem" prefix_auto="1" extension_auto="1" />
				<Option object_output="obj/Debug/" />
				<Option type="1" />
				<Option compiler="gcc" />
				<Compiler>
					<Add option="-g" />
				</Compiler>
			</Target>
			<Target title="Release">
				<Option output="bin/Release/AttendanceSystem" prefix_auto="1" extension_auto="1" />
				<Option object_output="obj/Release/" />
				<Option type="1" />
				<Option compiler="gcc" />
				<Compiler>
					<Add option="-O2" />
				</Compiler>
				<Linker>
					<Add option="-s" />
				</Linker>
			</Target>
		</Build>
		<Compiler>
			<Add option="-Wall" />
			<Add option="-std=c++11" />
		</Compiler>
		<Unit filename="add_user.c">
			<Option compilerVar="CC" />
		</Unit>
		<Unit filename="add_user.h" />
		<Unit filename="date_recheck.c">
			<Option compilerVar="CC" />
		</Unit>
		<Unit filename="date_recheck.h" />
		<Unit filename="delete_user.c">
			<Option compilerVar="CC" />
		</Unit>
		<Unit filename="delete_user.h" />
		<Unit filename="encapsulation_process.c">
			<Option compilerVar="CC" />
		</Unit>
		<Unit filename="encapsulation_process.h" />
		<Unit filename="entry_exit.c">
			<Option compilerVar="CC" />
		</Unit>
		<Unit filename="entry_exit.h" />
		<Unit filename="get_current_time.c">
			<Option compilerVar="CC" />
		</Unit>
		<Unit filename="get_current_time.h" />
		<Unit filename="id_pattern.c">
			<Option compilerVar="CC" />
		</Unit>
		<Unit filename="id_pattern.h" />
		<Unit filename="id_validation.c">
			<Option compilerVar="CC" />
		</Unit>
		<Unit filename="id_validation.h" />
		<Unit filename="log_update.c">
			<Option compilerVar="CC" />
		</Unit>
		<Unit filename="log_update.h" />
		<Unit filename="main.c">
			<Option compilerVar="CC" />
		</Unit>
		<Unit filename="output_window.c">
			<Option compilerVar="CC" />
		</Unit>
		<Unit filename="output_window.h" />
		<Unit filename="personal_log.c">
			<Option compilerVar="CC" />
		</Unit>
		<Unit filename="personal_log.h" />
		<Unit filename="status_update.c">
			<Option compilerVar="CC" />
		</Unit>
		<Unit filename="status_update.h" />
		<Unit filename="surveillance_tracking_engine.c">
			<Option compilerVar="CC" />
		</Unit>
		<Unit filename="surveillance_tracking_engine.h" />
		<Unit filename="trim_newline.c">
			<Option compilerVar="CC" />
		</Unit>
		<Unit filename="trim_newline.h" />
		<Unit filename="user_type.h" />
		<Unit filename="utils.h" />
		<Extensions>
			<lib_finder disable_auto="1" />
		</Extensions>
	</Project>
</CodeBlocks_project_file>
